{
  "version": 4,
  "terraform_version": "1.5.1",
  "serial": 226,
  "lineage": "02abd60e-dfa6-d483-4dcc-b1d7b691c288",
  "outputs": {
    "kubernetes_cluster_host": {
      "value": "10.1.0.2",
      "type": "string"
    },
    "kubernetes_cluster_name": {
      "value": "synergize-cluster-1",
      "type": "string"
    }
  },
  "resources": [
    {
      "mode": "managed",
      "type": "google_compute_address",
      "name": "internal_ip_postgres",
      "provider": "provider[\"registry.terraform.io/hashicorp/google\"]",
      "instances": [
        {
          "schema_version": 0,
          "attributes": {
            "address": "10.0.0.8",
            "address_type": "INTERNAL",
            "creation_timestamp": "2023-06-29T21:56:23.913-07:00",
            "description": "An internal IP address for my postgres",
            "id": "projects/synergize-tech/regions/asia-southeast2/addresses/ip-postgres",
            "name": "ip-postgres",
            "network": "",
            "network_tier": "PREMIUM",
            "prefix_length": 0,
            "project": "synergize-tech",
            "purpose": "GCE_ENDPOINT",
            "region": "asia-southeast2",
            "self_link": "https://www.googleapis.com/compute/v1/projects/synergize-tech/regions/asia-southeast2/addresses/ip-postgres",
            "subnetwork": "https://www.googleapis.com/compute/v1/projects/synergize-tech/regions/asia-southeast2/subnetworks/subnet-test",
            "timeouts": null,
            "users": []
          },
          "sensitive_attributes": [],
          "private": "eyJlMmJmYjczMC1lY2FhLTExZTYtOGY4OC0zNDM2M2JjN2M0YzAiOnsiY3JlYXRlIjoxMjAwMDAwMDAwMDAwLCJkZWxldGUiOjEyMDAwMDAwMDAwMDB9fQ==",
          "dependencies": [
            "google_compute_network.vpc",
            "google_compute_subnetwork.subnet"
          ]
        }
      ]
    },
    {
      "mode": "managed",
      "type": "google_compute_address",
      "name": "internal_ip_redis",
      "provider": "provider[\"registry.terraform.io/hashicorp/google\"]",
      "instances": [
        {
          "schema_version": 0,
          "attributes": {
            "address": "10.0.0.9",
            "address_type": "INTERNAL",
            "creation_timestamp": "2023-06-29T21:56:23.930-07:00",
            "description": "An internal IP address for my redis",
            "id": "projects/synergize-tech/regions/asia-southeast2/addresses/ip-redis",
            "name": "ip-redis",
            "network": "",
            "network_tier": "PREMIUM",
            "prefix_length": 0,
            "project": "synergize-tech",
            "purpose": "GCE_ENDPOINT",
            "region": "asia-southeast2",
            "self_link": "https://www.googleapis.com/compute/v1/projects/synergize-tech/regions/asia-southeast2/addresses/ip-redis",
            "subnetwork": "https://www.googleapis.com/compute/v1/projects/synergize-tech/regions/asia-southeast2/subnetworks/subnet-test",
            "timeouts": null,
            "users": []
          },
          "sensitive_attributes": [],
          "private": "eyJlMmJmYjczMC1lY2FhLTExZTYtOGY4OC0zNDM2M2JjN2M0YzAiOnsiY3JlYXRlIjoxMjAwMDAwMDAwMDAwLCJkZWxldGUiOjEyMDAwMDAwMDAwMDB9fQ==",
          "dependencies": [
            "google_compute_network.vpc",
            "google_compute_subnetwork.subnet"
          ]
        }
      ]
    },
    {
      "mode": "managed",
      "type": "google_compute_address",
      "name": "jumphost_ip_addr",
      "provider": "provider[\"registry.terraform.io/hashicorp/google\"]",
      "instances": [
        {
          "schema_version": 0,
          "attributes": {
            "address": "10.0.0.10",
            "address_type": "INTERNAL",
            "creation_timestamp": "2023-06-29T21:56:23.942-07:00",
            "description": "An internal IP address for my jump host",
            "id": "projects/synergize-tech/regions/asia-southeast2/addresses/ip-jumhost",
            "name": "ip-jumhost",
            "network": "",
            "network_tier": "PREMIUM",
            "prefix_length": 0,
            "project": "synergize-tech",
            "purpose": "GCE_ENDPOINT",
            "region": "asia-southeast2",
            "self_link": "https://www.googleapis.com/compute/v1/projects/synergize-tech/regions/asia-southeast2/addresses/ip-jumhost",
            "subnetwork": "https://www.googleapis.com/compute/v1/projects/synergize-tech/regions/asia-southeast2/subnetworks/subnet-test",
            "timeouts": null,
            "users": []
          },
          "sensitive_attributes": [],
          "private": "eyJlMmJmYjczMC1lY2FhLTExZTYtOGY4OC0zNDM2M2JjN2M0YzAiOnsiY3JlYXRlIjoxMjAwMDAwMDAwMDAwLCJkZWxldGUiOjEyMDAwMDAwMDAwMDB9fQ==",
          "dependencies": [
            "google_compute_network.vpc",
            "google_compute_subnetwork.subnet"
          ]
        }
      ]
    },
    {
      "mode": "managed",
      "type": "google_compute_firewall",
      "name": "default",
      "provider": "provider[\"registry.terraform.io/hashicorp/google\"]",
      "instances": [
        {
          "schema_version": 1,
          "attributes": {
            "allow": [
              {
                "ports": [
                  "22"
                ],
                "protocol": "tcp"
              }
            ],
            "creation_timestamp": "2023-06-29T21:55:59.021-07:00",
            "deny": [],
            "description": "",
            "destination_ranges": [],
            "direction": "INGRESS",
            "disabled": false,
            "enable_logging": null,
            "id": "projects/synergize-tech/global/firewalls/allow-ssh",
            "log_config": [],
            "name": "allow-ssh",
            "network": "https://www.googleapis.com/compute/v1/projects/synergize-tech/global/networks/vpc-test",
            "priority": 1000,
            "project": "synergize-tech",
            "self_link": "https://www.googleapis.com/compute/v1/projects/synergize-tech/global/firewalls/allow-ssh",
            "source_ranges": [
              "35.235.240.0/20"
            ],
            "source_service_accounts": null,
            "source_tags": null,
            "target_service_accounts": null,
            "target_tags": null,
            "timeouts": null
          },
          "sensitive_attributes": [],
          "private": "eyJlMmJmYjczMC1lY2FhLTExZTYtOGY4OC0zNDM2M2JjN2M0YzAiOnsiY3JlYXRlIjoxMjAwMDAwMDAwMDAwLCJkZWxldGUiOjEyMDAwMDAwMDAwMDAsInVwZGF0ZSI6MTIwMDAwMDAwMDAwMH0sInNjaGVtYV92ZXJzaW9uIjoiMSJ9",
          "dependencies": [
            "google_compute_network.vpc"
          ]
        }
      ]
    },
    {
      "mode": "managed",
      "type": "google_compute_firewall",
      "name": "internal_rules",
      "provider": "provider[\"registry.terraform.io/hashicorp/google\"]",
      "instances": [
        {
          "schema_version": 1,
          "attributes": {
            "allow": [
              {
                "ports": [
                  "0-65535"
                ],
                "protocol": "tcp"
              },
              {
                "ports": [
                  "0-65535"
                ],
                "protocol": "udp"
              },
              {
                "ports": [],
                "protocol": "icmp"
              }
            ],
            "creation_timestamp": "2023-06-29T21:55:59.013-07:00",
            "deny": [],
            "description": "",
            "destination_ranges": [],
            "direction": "INGRESS",
            "disabled": false,
            "enable_logging": null,
            "id": "projects/synergize-tech/global/firewalls/allow-all-internal",
            "log_config": [],
            "name": "allow-all-internal",
            "network": "https://www.googleapis.com/compute/v1/projects/synergize-tech/global/networks/vpc-test",
            "priority": 1000,
            "project": "synergize-tech",
            "self_link": "https://www.googleapis.com/compute/v1/projects/synergize-tech/global/firewalls/allow-all-internal",
            "source_ranges": [
              "10.0.0.0/24"
            ],
            "source_service_accounts": null,
            "source_tags": null,
            "target_service_accounts": null,
            "target_tags": null,
            "timeouts": null
          },
          "sensitive_attributes": [],
          "private": "eyJlMmJmYjczMC1lY2FhLTExZTYtOGY4OC0zNDM2M2JjN2M0YzAiOnsiY3JlYXRlIjoxMjAwMDAwMDAwMDAwLCJkZWxldGUiOjEyMDAwMDAwMDAwMDAsInVwZGF0ZSI6MTIwMDAwMDAwMDAwMH0sInNjaGVtYV92ZXJzaW9uIjoiMSJ9",
          "dependencies": [
            "google_compute_network.vpc"
          ]
        }
      ]
    },
    {
      "mode": "managed",
      "type": "google_compute_instance",
      "name": "vm_jumphost",
      "provider": "provider[\"registry.terraform.io/hashicorp/google\"]",
      "instances": [
        {
          "schema_version": 6,
          "attributes": {
            "advanced_machine_features": [],
            "allow_stopping_for_update": null,
            "attached_disk": [],
            "boot_disk": [
              {
                "auto_delete": true,
                "device_name": "persistent-disk-0",
                "disk_encryption_key_raw": "",
                "disk_encryption_key_sha256": "",
                "initialize_params": [
                  {
                    "image": "https://www.googleapis.com/compute/v1/projects/ubuntu-os-cloud/global/images/ubuntu-2004-focal-arm64-v20230628",
                    "labels": {},
                    "resource_manager_tags": null,
                    "size": 50,
                    "type": "pd-standard"
                  }
                ],
                "kms_key_self_link": "",
                "mode": "READ_WRITE",
                "source": "https://www.googleapis.com/compute/v1/projects/synergize-tech/zones/asia-southeast2-a/disks/jump-host"
              }
            ],
            "can_ip_forward": true,
            "confidential_instance_config": [],
            "cpu_platform": "Intel Broadwell",
            "current_status": "RUNNING",
            "deletion_protection": false,
            "description": "",
            "desired_status": null,
            "enable_display": false,
            "guest_accelerator": [],
            "hostname": "",
            "id": "projects/synergize-tech/zones/asia-southeast2-a/instances/jump-host",
            "instance_id": "207862276923055689",
            "label_fingerprint": "42WmSpB8rSM=",
            "labels": null,
            "machine_type": "e2-medium",
            "metadata": null,
            "metadata_fingerprint": "YRVyWdOd6hw=",
            "metadata_startup_script": null,
            "min_cpu_platform": "",
            "name": "jump-host",
            "network_interface": [
              {
                "access_config": [],
                "alias_ip_range": [],
                "ipv6_access_config": [],
                "ipv6_access_type": "",
                "name": "nic0",
                "network": "https://www.googleapis.com/compute/v1/projects/synergize-tech/global/networks/vpc-test",
                "network_ip": "10.0.0.10",
                "nic_type": "",
                "queue_count": 0,
                "stack_type": "IPV4_ONLY",
                "subnetwork": "https://www.googleapis.com/compute/v1/projects/synergize-tech/regions/asia-southeast2/subnetworks/subnet-test",
                "subnetwork_project": "synergize-tech"
              }
            ],
            "network_performance_config": [],
            "params": [],
            "project": "synergize-tech",
            "reservation_affinity": [],
            "resource_policies": null,
            "scheduling": [
              {
                "automatic_restart": true,
                "instance_termination_action": "",
                "min_node_cpus": 0,
                "node_affinities": [],
                "on_host_maintenance": "MIGRATE",
                "preemptible": false,
                "provisioning_model": "STANDARD"
              }
            ],
            "scratch_disk": [],
            "self_link": "https://www.googleapis.com/compute/v1/projects/synergize-tech/zones/asia-southeast2-a/instances/jump-host",
            "service_account": [],
            "shielded_instance_config": [
              {
                "enable_integrity_monitoring": true,
                "enable_secure_boot": false,
                "enable_vtpm": true
              }
            ],
            "tags": null,
            "tags_fingerprint": "42WmSpB8rSM=",
            "timeouts": null,
            "zone": "asia-southeast2-a"
          },
          "sensitive_attributes": [],
          "private": "eyJlMmJmYjczMC1lY2FhLTExZTYtOGY4OC0zNDM2M2JjN2M0YzAiOnsiY3JlYXRlIjoxMjAwMDAwMDAwMDAwLCJkZWxldGUiOjEyMDAwMDAwMDAwMDAsInVwZGF0ZSI6MTIwMDAwMDAwMDAwMH0sInNjaGVtYV92ZXJzaW9uIjoiNiJ9",
          "dependencies": [
            "google_compute_address.jumphost_ip_addr",
            "google_compute_network.vpc",
            "google_compute_subnetwork.subnet"
          ]
        }
      ]
    },
    {
      "mode": "managed",
      "type": "google_compute_instance",
      "name": "vm_redis",
      "provider": "provider[\"registry.terraform.io/hashicorp/google\"]",
      "instances": [
        {
          "schema_version": 6,
          "attributes": {
            "advanced_machine_features": [],
            "allow_stopping_for_update": null,
            "attached_disk": [],
            "boot_disk": [
              {
                "auto_delete": true,
                "device_name": "persistent-disk-0",
                "disk_encryption_key_raw": "",
                "disk_encryption_key_sha256": "",
                "initialize_params": [
                  {
                    "image": "https://www.googleapis.com/compute/v1/projects/ubuntu-os-cloud/global/images/ubuntu-2004-focal-arm64-v20230628",
                    "labels": {},
                    "resource_manager_tags": null,
                    "size": 50,
                    "type": "pd-standard"
                  }
                ],
                "kms_key_self_link": "",
                "mode": "READ_WRITE",
                "source": "https://www.googleapis.com/compute/v1/projects/synergize-tech/zones/asia-southeast2-a/disks/redis"
              }
            ],
            "can_ip_forward": false,
            "confidential_instance_config": [],
            "cpu_platform": "Intel Broadwell",
            "current_status": "RUNNING",
            "deletion_protection": false,
            "description": "",
            "desired_status": null,
            "enable_display": false,
            "guest_accelerator": [],
            "hostname": "",
            "id": "projects/synergize-tech/zones/asia-southeast2-a/instances/redis",
            "instance_id": "4338304738911313483",
            "label_fingerprint": "42WmSpB8rSM=",
            "labels": null,
            "machine_type": "e2-medium",
            "metadata": null,
            "metadata_fingerprint": "YRVyWdOd6hw=",
            "metadata_startup_script": null,
            "min_cpu_platform": "",
            "name": "redis",
            "network_interface": [
              {
                "access_config": [],
                "alias_ip_range": [],
                "ipv6_access_config": [],
                "ipv6_access_type": "",
                "name": "nic0",
                "network": "https://www.googleapis.com/compute/v1/projects/synergize-tech/global/networks/vpc-test",
                "network_ip": "10.0.0.9",
                "nic_type": "",
                "queue_count": 0,
                "stack_type": "IPV4_ONLY",
                "subnetwork": "https://www.googleapis.com/compute/v1/projects/synergize-tech/regions/asia-southeast2/subnetworks/subnet-test",
                "subnetwork_project": "synergize-tech"
              }
            ],
            "network_performance_config": [],
            "params": [],
            "project": "synergize-tech",
            "reservation_affinity": [],
            "resource_policies": null,
            "scheduling": [
              {
                "automatic_restart": true,
                "instance_termination_action": "",
                "min_node_cpus": 0,
                "node_affinities": [],
                "on_host_maintenance": "MIGRATE",
                "preemptible": false,
                "provisioning_model": "STANDARD"
              }
            ],
            "scratch_disk": [],
            "self_link": "https://www.googleapis.com/compute/v1/projects/synergize-tech/zones/asia-southeast2-a/instances/redis",
            "service_account": [],
            "shielded_instance_config": [
              {
                "enable_integrity_monitoring": true,
                "enable_secure_boot": false,
                "enable_vtpm": true
              }
            ],
            "tags": null,
            "tags_fingerprint": "42WmSpB8rSM=",
            "timeouts": null,
            "zone": "asia-southeast2-a"
          },
          "sensitive_attributes": [],
          "private": "eyJlMmJmYjczMC1lY2FhLTExZTYtOGY4OC0zNDM2M2JjN2M0YzAiOnsiY3JlYXRlIjoxMjAwMDAwMDAwMDAwLCJkZWxldGUiOjEyMDAwMDAwMDAwMDAsInVwZGF0ZSI6MTIwMDAwMDAwMDAwMH0sInNjaGVtYV92ZXJzaW9uIjoiNiJ9",
          "dependencies": [
            "google_compute_address.internal_ip_redis",
            "google_compute_network.vpc",
            "google_compute_subnetwork.subnet"
          ]
        }
      ]
    },
    {
      "mode": "managed",
      "type": "google_compute_instance",
      "name": "wm_postgres",
      "provider": "provider[\"registry.terraform.io/hashicorp/google\"]",
      "instances": [
        {
          "schema_version": 6,
          "attributes": {
            "advanced_machine_features": [],
            "allow_stopping_for_update": null,
            "attached_disk": [],
            "boot_disk": [
              {
                "auto_delete": true,
                "device_name": "persistent-disk-0",
                "disk_encryption_key_raw": "",
                "disk_encryption_key_sha256": "",
                "initialize_params": [
                  {
                    "image": "https://www.googleapis.com/compute/v1/projects/ubuntu-os-cloud/global/images/ubuntu-2004-focal-arm64-v20230628",
                    "labels": {},
                    "resource_manager_tags": null,
                    "size": 50,
                    "type": "pd-standard"
                  }
                ],
                "kms_key_self_link": "",
                "mode": "READ_WRITE",
                "source": "https://www.googleapis.com/compute/v1/projects/synergize-tech/zones/asia-southeast2-a/disks/postgres"
              }
            ],
            "can_ip_forward": false,
            "confidential_instance_config": [],
            "cpu_platform": "Intel Broadwell",
            "current_status": "RUNNING",
            "deletion_protection": false,
            "description": "",
            "desired_status": null,
            "enable_display": false,
            "guest_accelerator": [],
            "hostname": "",
            "id": "projects/synergize-tech/zones/asia-southeast2-a/instances/postgres",
            "instance_id": "6674687336421514826",
            "label_fingerprint": "42WmSpB8rSM=",
            "labels": null,
            "machine_type": "e2-medium",
            "metadata": null,
            "metadata_fingerprint": "YRVyWdOd6hw=",
            "metadata_startup_script": null,
            "min_cpu_platform": "",
            "name": "postgres",
            "network_interface": [
              {
                "access_config": [],
                "alias_ip_range": [],
                "ipv6_access_config": [],
                "ipv6_access_type": "",
                "name": "nic0",
                "network": "https://www.googleapis.com/compute/v1/projects/synergize-tech/global/networks/vpc-test",
                "network_ip": "10.0.0.8",
                "nic_type": "",
                "queue_count": 0,
                "stack_type": "IPV4_ONLY",
                "subnetwork": "https://www.googleapis.com/compute/v1/projects/synergize-tech/regions/asia-southeast2/subnetworks/subnet-test",
                "subnetwork_project": "synergize-tech"
              }
            ],
            "network_performance_config": [],
            "params": [],
            "project": "synergize-tech",
            "reservation_affinity": [],
            "resource_policies": null,
            "scheduling": [
              {
                "automatic_restart": true,
                "instance_termination_action": "",
                "min_node_cpus": 0,
                "node_affinities": [],
                "on_host_maintenance": "MIGRATE",
                "preemptible": false,
                "provisioning_model": "STANDARD"
              }
            ],
            "scratch_disk": [],
            "self_link": "https://www.googleapis.com/compute/v1/projects/synergize-tech/zones/asia-southeast2-a/instances/postgres",
            "service_account": [],
            "shielded_instance_config": [
              {
                "enable_integrity_monitoring": true,
                "enable_secure_boot": false,
                "enable_vtpm": true
              }
            ],
            "tags": null,
            "tags_fingerprint": "42WmSpB8rSM=",
            "timeouts": null,
            "zone": "asia-southeast2-a"
          },
          "sensitive_attributes": [],
          "private": "eyJlMmJmYjczMC1lY2FhLTExZTYtOGY4OC0zNDM2M2JjN2M0YzAiOnsiY3JlYXRlIjoxMjAwMDAwMDAwMDAwLCJkZWxldGUiOjEyMDAwMDAwMDAwMDAsInVwZGF0ZSI6MTIwMDAwMDAwMDAwMH0sInNjaGVtYV92ZXJzaW9uIjoiNiJ9",
          "dependencies": [
            "google_compute_address.internal_ip_postgres",
            "google_compute_network.vpc",
            "google_compute_subnetwork.subnet"
          ]
        }
      ]
    },
    {
      "mode": "managed",
      "type": "google_compute_network",
      "name": "vpc",
      "provider": "provider[\"registry.terraform.io/hashicorp/google\"]",
      "instances": [
        {
          "schema_version": 0,
          "attributes": {
            "auto_create_subnetworks": false,
            "delete_default_routes_on_create": false,
            "description": "",
            "enable_ula_internal_ipv6": false,
            "gateway_ipv4": "",
            "id": "projects/synergize-tech/global/networks/vpc-test",
            "internal_ipv6_range": "",
            "mtu": 0,
            "name": "vpc-test",
            "network_firewall_policy_enforcement_order": "AFTER_CLASSIC_FIREWALL",
            "project": "synergize-tech",
            "routing_mode": "REGIONAL",
            "self_link": "https://www.googleapis.com/compute/v1/projects/synergize-tech/global/networks/vpc-test",
            "timeouts": null
          },
          "sensitive_attributes": [],
          "private": "eyJlMmJmYjczMC1lY2FhLTExZTYtOGY4OC0zNDM2M2JjN2M0YzAiOnsiY3JlYXRlIjoxMjAwMDAwMDAwMDAwLCJkZWxldGUiOjEyMDAwMDAwMDAwMDAsInVwZGF0ZSI6MTIwMDAwMDAwMDAwMH19"
        }
      ]
    },
    {
      "mode": "managed",
      "type": "google_compute_router",
      "name": "router",
      "provider": "provider[\"registry.terraform.io/hashicorp/google\"]",
      "instances": [
        {
          "schema_version": 0,
          "attributes": {
            "bgp": [],
            "creation_timestamp": "2023-06-29T21:55:59.913-07:00",
            "description": "",
            "encrypted_interconnect_router": false,
            "id": "projects/synergize-tech/regions/asia-southeast2/routers/nat-router",
            "name": "nat-router",
            "network": "https://www.googleapis.com/compute/v1/projects/synergize-tech/global/networks/vpc-test",
            "project": "synergize-tech",
            "region": "asia-southeast2",
            "self_link": "https://www.googleapis.com/compute/v1/projects/synergize-tech/regions/asia-southeast2/routers/nat-router",
            "timeouts": null
          },
          "sensitive_attributes": [],
          "private": "eyJlMmJmYjczMC1lY2FhLTExZTYtOGY4OC0zNDM2M2JjN2M0YzAiOnsiY3JlYXRlIjoxMjAwMDAwMDAwMDAwLCJkZWxldGUiOjEyMDAwMDAwMDAwMDAsInVwZGF0ZSI6MTIwMDAwMDAwMDAwMH19",
          "dependencies": [
            "google_compute_network.vpc"
          ]
        }
      ]
    },
    {
      "mode": "managed",
      "type": "google_compute_subnetwork",
      "name": "subnet",
      "provider": "provider[\"registry.terraform.io/hashicorp/google\"]",
      "instances": [
        {
          "schema_version": 0,
          "attributes": {
            "creation_timestamp": "2023-06-29T21:56:02.111-07:00",
            "description": "",
            "external_ipv6_prefix": "",
            "fingerprint": null,
            "gateway_address": "10.0.0.1",
            "id": "projects/synergize-tech/regions/asia-southeast2/subnetworks/subnet-test",
            "ip_cidr_range": "10.0.0.0/24",
            "ipv6_access_type": "",
            "ipv6_cidr_range": "",
            "log_config": [],
            "name": "subnet-test",
            "network": "https://www.googleapis.com/compute/v1/projects/synergize-tech/global/networks/vpc-test",
            "private_ip_google_access": false,
            "private_ipv6_google_access": "DISABLE_GOOGLE_ACCESS",
            "project": "synergize-tech",
            "purpose": "PRIVATE",
            "region": "asia-southeast2",
            "role": "",
            "secondary_ip_range": [],
            "self_link": "https://www.googleapis.com/compute/v1/projects/synergize-tech/regions/asia-southeast2/subnetworks/subnet-test",
            "stack_type": "IPV4_ONLY",
            "timeouts": null
          },
          "sensitive_attributes": [],
          "private": "eyJlMmJmYjczMC1lY2FhLTExZTYtOGY4OC0zNDM2M2JjN2M0YzAiOnsiY3JlYXRlIjoxMjAwMDAwMDAwMDAwLCJkZWxldGUiOjEyMDAwMDAwMDAwMDAsInVwZGF0ZSI6MTIwMDAwMDAwMDAwMH19",
          "dependencies": [
            "google_compute_network.vpc"
          ]
        }
      ]
    },
    {
      "mode": "managed",
      "type": "google_container_cluster",
      "name": "primary",
      "provider": "provider[\"registry.terraform.io/hashicorp/google\"]",
      "instances": [
        {
          "schema_version": 1,
          "attributes": {
            "addons_config": [
              {
                "cloudrun_config": [],
                "config_connector_config": [],
                "dns_cache_config": [],
                "gce_persistent_disk_csi_driver_config": [
                  {
                    "enabled": true
                  }
                ],
                "gcp_filestore_csi_driver_config": [],
                "gke_backup_agent_config": [],
                "horizontal_pod_autoscaling": [],
                "http_load_balancing": [],
                "network_policy_config": [
                  {
                    "disabled": true
                  }
                ]
              }
            ],
            "authenticator_groups_config": [],
            "binary_authorization": [
              {
                "enabled": false,
                "evaluation_mode": ""
              }
            ],
            "cluster_autoscaling": [
              {
                "auto_provisioning_defaults": [],
                "enabled": false,
                "resource_limits": []
              }
            ],
            "cluster_ipv4_cidr": "10.2.0.0/21",
            "confidential_nodes": [],
            "cost_management_config": [],
            "database_encryption": [
              {
                "key_name": "",
                "state": "DECRYPTED"
              }
            ],
            "datapath_provider": "",
            "default_max_pods_per_node": 110,
            "default_snat_status": [
              {
                "disabled": false
              }
            ],
            "description": "",
            "dns_config": [],
            "enable_autopilot": false,
            "enable_binary_authorization": false,
            "enable_intranode_visibility": false,
            "enable_kubernetes_alpha": false,
            "enable_l4_ilb_subsetting": false,
            "enable_legacy_abac": false,
            "enable_shielded_nodes": true,
            "enable_tpu": false,
            "endpoint": "10.1.0.2",
            "gateway_api_config": [],
            "id": "projects/synergize-tech/locations/asia-southeast2-a/clusters/synergize-cluster-1",
            "initial_node_count": 1,
            "ip_allocation_policy": [
              {
                "cluster_ipv4_cidr_block": "10.2.0.0/21",
                "cluster_secondary_range_name": "gke-synergize-cluster-1-pods-875becf0",
                "pod_cidr_overprovision_config": [
                  {
                    "disabled": false
                  }
                ],
                "services_ipv4_cidr_block": "10.3.0.0/21",
                "services_secondary_range_name": "gke-synergize-cluster-1-services-875becf0",
                "stack_type": "IPV4"
              }
            ],
            "label_fingerprint": "a9dc16a7",
            "location": "asia-southeast2-a",
            "logging_config": [
              {
                "enable_components": [
                  "SYSTEM_COMPONENTS",
                  "WORKLOADS"
                ]
              }
            ],
            "logging_service": "logging.googleapis.com/kubernetes",
            "maintenance_policy": [],
            "master_auth": [
              {
                "client_certificate": "",
                "client_certificate_config": [
                  {
                    "issue_client_certificate": false
                  }
                ],
                "client_key": "",
                "cluster_ca_certificate": "LS0tLS1CRUdJTiBDRVJUSUZJQ0FURS0tLS0tCk1JSUVMRENDQXBTZ0F3SUJBZ0lRSmhoRkUwZkNuTHpzTjVsTXM0ekVxekFOQmdrcWhraUc5dzBCQVFzRkFEQXYKTVMwd0t3WURWUVFERXlRNVpXVm1OelExWlMxbVlUSTBMVFE1TnpZdFlUVmxZUzAxTldZMk1qTXdaRE15WmpVdwpJQmNOTWpNd05qTXdNRE0xTmpJMFdoZ1BNakExTXpBMk1qSXdORFUyTWpSYU1DOHhMVEFyQmdOVkJBTVRKRGxsClpXWTNORFZsTFdaaE1qUXRORGszTmkxaE5XVmhMVFUxWmpZeU16QmtNekptTlRDQ0FhSXdEUVlKS29aSWh2Y04KQVFFQkJRQURnZ0dQQURDQ0FZb0NnZ0dCQUo0QjBHWWFZNmt1VnpVR1FJTjlVZ0lrZ091ZDVKS0JOQmtyM1N1WgppbSs2TFpWQjh1Sm1mTzNXUnFSd01Pd0NPRUFlMlJyNUZ0WHg5elFpcEtodlJLK1RqcVp2d3pRY3BkZFZva2hpCjRpRWphMDJwUVpRTU5rQkRiTlJKUVpFcDlIeEJ5SFVJY09vM2RNcnRuTFUvMngwc3c4bmdBK2JKdHJPKy9FalYKV0htd3FxTW1xelp4NEZ0QW84SFM4WDhFL2VNQllKb29RTkM1amNWb2p4SjlWT3RWaUNJOXNXNU9xcFl0bWVRbwpTRTIraUszUnRTbGsrOUk1NDJCYWd1KzNkTFdRZ3JpMXppbVM0Q1pJMnNTVDJyTEIvUDVRM3czSTR0enhqTHVBCnhXWHlkTlpXMWQySCtUT0hDbjdIYjJtV2lvZWlyNHZHNy9CMitOQUo0N2l5YkdqTTk0Z1llRHRFV242NTBxWVkKQTF3WWFBRGtYbUF1RTJ6SnIrVDVTbTFaZk5lMW4yRndLajVoS2NZb1pFV2ZlNk9lMFZXSUxGVDE4dXBPc0VXcgpxZzJTdEJOczBPN3EyS0wwVjFDVkpLVkN4NHNSbVZSblduRE9UWGJ1MHMzQ1dpZEcrRVg3UWNiZkRMbjF3S0YwCjhHQko0cmN1amMzcnJzcnYvS2djYzdyN1l3SURBUUFCbzBJd1FEQU9CZ05WSFE4QkFmOEVCQU1DQWdRd0R3WUQKVlIwVEFRSC9CQVV3QXdFQi96QWRCZ05WSFE0RUZnUVVvWWFHMnZxNjJSdmZZWUNqcmgvQVY1OTA0Sk13RFFZSgpLb1pJaHZjTkFRRUxCUUFEZ2dHQkFISEtic0ZvQkJmRXpnQThrVlh2bnBlNVM4N3AvQnpTS1NacmVLUER0RkJaCjl6eVhIZlJsWjV2ME9sWUkxWmZXVkZPVVNYc3dUMURaU3o4ckwxb0Uwa1QvN01uV2FISDdCemNhbGJTWmFZS3QKN0M3aHN6ak9hbEloMXYxelljdUltbnNoeitScGV4dDNETXZNcExBdXdsbWpTV3l2b3E1NjFab2pnQUVWRzd3RwpMcEpta0ZkSlVuVCtXS1p4d0tKb0JDTjBGUkZMZGh0bzFJY2xEdzIvY3pZWlJVRFphU2s0ZzIzM3lRaVJZdjdUCnRBcnptMkc4bkp3QnRyMUJ1d2FacVVFL2wxemtxWnNSSE9UU0N2dDVlRTBqd2p6QUFGL2lOT3oxUEtySkIzeWwKREd0ek9nREw4ZnNyQkpWOEdFV2VHNkZhYkQyV0J6ajV1V1VBZUUvOUFCWXFvb2p3TXJWZThzcFBzb1M5czI2aApTNktkTjZleHJZdjRzYjFFazl4K0N1empNbkk0U2tGdXZoTm1YZlJmVEtDTVVFYzd2akNWa2ZpSmw5Z0YxY090Cmd2V3k2SXpKYUJZSjVkRUF0TnAyNTBJdHBncjErQWxiMjhTSjhvTGhkU0VQZlo4S1hDRmtKSUkxZ3RNRE0yVTIKSlJqNXd5b2Y1R3FKQlFMczR0ZUR1Zz09Ci0tLS0tRU5EIENFUlRJRklDQVRFLS0tLS0K"
              }
            ],
            "master_authorized_networks_config": [
              {
                "cidr_blocks": [
                  {
                    "cidr_block": "10.0.0.10/32",
                    "display_name": "conn1"
                  }
                ],
                "gcp_public_cidrs_access_enabled": false
              }
            ],
            "master_version": "1.25.8-gke.1000",
            "mesh_certificates": [],
            "min_master_version": null,
            "monitoring_config": [
              {
                "enable_components": [
                  "SYSTEM_COMPONENTS"
                ],
                "managed_prometheus": []
              }
            ],
            "monitoring_service": "monitoring.googleapis.com/kubernetes",
            "name": "synergize-cluster-1",
            "network": "projects/synergize-tech/global/networks/vpc-test",
            "network_policy": [
              {
                "enabled": false,
                "provider": "PROVIDER_UNSPECIFIED"
              }
            ],
            "networking_mode": "VPC_NATIVE",
            "node_config": [],
            "node_locations": [],
            "node_pool": [],
            "node_pool_defaults": [
              {
                "node_config_defaults": [
                  {
                    "logging_variant": "DEFAULT"
                  }
                ]
              }
            ],
            "node_version": "1.25.8-gke.1000",
            "notification_config": [
              {
                "pubsub": [
                  {
                    "enabled": false,
                    "filter": [],
                    "topic": ""
                  }
                ]
              }
            ],
            "operation": null,
            "private_cluster_config": [
              {
                "enable_private_endpoint": true,
                "enable_private_nodes": true,
                "master_global_access_config": [
                  {
                    "enabled": false
                  }
                ],
                "master_ipv4_cidr_block": "10.1.0.0/28",
                "peering_name": "gke-n26a3030f96957b94d22-9a0b-72dd-peer",
                "private_endpoint": "10.1.0.2",
                "private_endpoint_subnetwork": "",
                "public_endpoint": "34.101.128.238"
              }
            ],
            "private_ipv6_google_access": "",
            "project": "synergize-tech",
            "release_channel": [
              {
                "channel": "REGULAR"
              }
            ],
            "remove_default_node_pool": true,
            "resource_labels": null,
            "resource_usage_export_config": [],
            "self_link": "https://container.googleapis.com/v1/projects/synergize-tech/zones/asia-southeast2-a/clusters/synergize-cluster-1",
            "service_external_ips_config": [
              {
                "enabled": false
              }
            ],
            "services_ipv4_cidr": "10.3.0.0/21",
            "subnetwork": "projects/synergize-tech/regions/asia-southeast2/subnetworks/subnet-test",
            "timeouts": null,
            "tpu_ipv4_cidr_block": "",
            "vertical_pod_autoscaling": [],
            "workload_identity_config": []
          },
          "sensitive_attributes": [],
          "private": "eyJlMmJmYjczMC1lY2FhLTExZTYtOGY4OC0zNDM2M2JjN2M0YzAiOnsiY3JlYXRlIjoyNDAwMDAwMDAwMDAwLCJkZWxldGUiOjI0MDAwMDAwMDAwMDAsInJlYWQiOjI0MDAwMDAwMDAwMDAsInVwZGF0ZSI6MzYwMDAwMDAwMDAwMH0sInNjaGVtYV92ZXJzaW9uIjoiMSJ9",
          "dependencies": [
            "google_compute_network.vpc",
            "google_compute_subnetwork.subnet"
          ]
        }
      ]
    },
    {
      "mode": "managed",
      "type": "google_container_node_pool",
      "name": "primary_nodes",
      "provider": "provider[\"registry.terraform.io/hashicorp/google\"]",
      "instances": [
        {
          "schema_version": 1,
          "attributes": {
            "autoscaling": [],
            "cluster": "synergize-cluster-1",
            "id": "projects/synergize-tech/locations/asia-southeast2-a/clusters/synergize-cluster-1/nodePools/synergize-cluster-1",
            "initial_node_count": 3,
            "instance_group_urls": [
              "https://www.googleapis.com/compute/v1/projects/synergize-tech/zones/asia-southeast2-a/instanceGroupManagers/gke-synergize-cluste-synergize-cluste-fd6c50b1-grp"
            ],
            "location": "asia-southeast2-a",
            "managed_instance_group_urls": [
              "https://www.googleapis.com/compute/v1/projects/synergize-tech/zones/asia-southeast2-a/instanceGroups/gke-synergize-cluste-synergize-cluste-fd6c50b1-grp"
            ],
            "management": [
              {
                "auto_repair": true,
                "auto_upgrade": true
              }
            ],
            "max_pods_per_node": 110,
            "name": "synergize-cluster-1",
            "name_prefix": "",
            "network_config": [
              {
                "create_pod_range": false,
                "enable_private_nodes": false,
                "pod_cidr_overprovision_config": [],
                "pod_ipv4_cidr_block": "10.2.0.0/21",
                "pod_range": "gke-synergize-cluster-1-pods-875becf0"
              }
            ],
            "node_config": [
              {
                "advanced_machine_features": [],
                "boot_disk_kms_key": "",
                "disk_size_gb": 30,
                "disk_type": "pd-balanced",
                "ephemeral_storage_local_ssd_config": [],
                "gcfs_config": [],
                "guest_accelerator": [],
                "gvnic": [],
                "image_type": "COS_CONTAINERD",
                "kubelet_config": [],
                "labels": {
                  "env": "testing"
                },
                "linux_node_config": [],
                "local_nvme_ssd_block_config": [],
                "local_ssd_count": 0,
                "logging_variant": "DEFAULT",
                "machine_type": "n1-standard-1",
                "metadata": {
                  "disable-legacy-endpoints": "true"
                },
                "min_cpu_platform": "",
                "node_group": "",
                "oauth_scopes": [
                  "https://www.googleapis.com/auth/logging.write",
                  "https://www.googleapis.com/auth/monitoring"
                ],
                "preemptible": true,
                "reservation_affinity": [],
                "resource_labels": null,
                "service_account": "default",
                "shielded_instance_config": [
                  {
                    "enable_integrity_monitoring": true,
                    "enable_secure_boot": false
                  }
                ],
                "sole_tenant_config": [],
                "spot": false,
                "tags": null,
                "taint": [],
                "workload_metadata_config": []
              }
            ],
            "node_count": 3,
            "node_locations": [
              "asia-southeast2-a"
            ],
            "operation": null,
            "placement_policy": [],
            "project": "synergize-tech",
            "timeouts": null,
            "upgrade_settings": [
              {
                "blue_green_settings": [],
                "max_surge": 1,
                "max_unavailable": 0,
                "strategy": "SURGE"
              }
            ],
            "version": "1.25.8-gke.1000"
          },
          "sensitive_attributes": [],
          "private": "eyJlMmJmYjczMC1lY2FhLTExZTYtOGY4OC0zNDM2M2JjN2M0YzAiOnsiY3JlYXRlIjoxODAwMDAwMDAwMDAwLCJkZWxldGUiOjE4MDAwMDAwMDAwMDAsInVwZGF0ZSI6MTgwMDAwMDAwMDAwMH0sInNjaGVtYV92ZXJzaW9uIjoiMSJ9",
          "dependencies": [
            "google_compute_network.vpc",
            "google_compute_subnetwork.subnet",
            "google_container_cluster.primary"
          ]
        }
      ]
    },
    {
      "mode": "managed",
      "type": "google_iap_tunnel_instance_iam_member",
      "name": "instance",
      "provider": "provider[\"registry.terraform.io/hashicorp/google\"]",
      "instances": [
        {
          "schema_version": 0,
          "attributes": {
            "condition": [],
            "etag": "BwX/UacUr0I=",
            "id": "projects/synergize-tech/iap_tunnel/zones/asia-southeast2-a/instances/jump-host/roles/iap.tunnelResourceAccessor/serviceAccount:synergize@synergize-tech.iam.gserviceaccount.com",
            "instance": "projects/synergize-tech/iap_tunnel/zones/asia-southeast2-a/instances/jump-host",
            "member": "serviceAccount:synergize@synergize-tech.iam.gserviceaccount.com",
            "project": "synergize-tech",
            "role": "roles/iap.tunnelResourceAccessor",
            "zone": "asia-southeast2-a"
          },
          "sensitive_attributes": [],
          "private": "bnVsbA==",
          "dependencies": [
            "google_compute_address.jumphost_ip_addr",
            "google_compute_instance.vm_jumphost",
            "google_compute_network.vpc",
            "google_compute_subnetwork.subnet"
          ]
        }
      ]
    },
    {
      "mode": "managed",
      "type": "google_project_iam_member",
      "name": "project",
      "provider": "provider[\"registry.terraform.io/hashicorp/google\"]",
      "instances": [
        {
          "schema_version": 0,
          "attributes": {
            "condition": [],
            "etag": "BwX/UaGIeOA=",
            "id": "synergize-tech/roles/iap.tunnelResourceAccessor/serviceAccount:synergize@synergize-tech.iam.gserviceaccount.com",
            "member": "serviceAccount:synergize@synergize-tech.iam.gserviceaccount.com",
            "project": "synergize-tech",
            "role": "roles/iap.tunnelResourceAccessor"
          },
          "sensitive_attributes": [],
          "private": "bnVsbA=="
        }
      ]
    },
    {
      "mode": "managed",
      "type": "google_storage_bucket",
      "name": "static_website",
      "provider": "provider[\"registry.terraform.io/hashicorp/google\"]",
      "instances": [
        {
          "schema_version": 0,
          "attributes": {
            "autoclass": [],
            "cors": [],
            "custom_placement_config": [],
            "default_event_based_hold": false,
            "encryption": [],
            "force_destroy": false,
            "id": "d5b4f7f0e6ce4b1c5da9-static-website-bucket",
            "labels": {},
            "lifecycle_rule": [],
            "location": "ASIA-SOUTHEAST2",
            "logging": [],
            "name": "d5b4f7f0e6ce4b1c5da9-static-website-bucket",
            "project": "synergize-tech",
            "public_access_prevention": "inherited",
            "requester_pays": false,
            "retention_policy": [],
            "self_link": "https://www.googleapis.com/storage/v1/b/d5b4f7f0e6ce4b1c5da9-static-website-bucket",
            "storage_class": "STANDARD",
            "timeouts": null,
            "uniform_bucket_level_access": false,
            "url": "gs://d5b4f7f0e6ce4b1c5da9-static-website-bucket",
            "versioning": [],
            "website": [
              {
                "main_page_suffix": "index.html",
                "not_found_page": "404.html"
              }
            ]
          },
          "sensitive_attributes": [],
          "private": "eyJlMmJmYjczMC1lY2FhLTExZTYtOGY4OC0zNDM2M2JjN2M0YzAiOnsiY3JlYXRlIjo2MDAwMDAwMDAwMDAsInJlYWQiOjI0MDAwMDAwMDAwMCwidXBkYXRlIjoyNDAwMDAwMDAwMDB9fQ==",
          "dependencies": [
            "random_id.bucket_prefix"
          ]
        }
      ]
    },
    {
      "mode": "managed",
      "type": "google_storage_bucket_access_control",
      "name": "public_rule",
      "provider": "provider[\"registry.terraform.io/hashicorp/google\"]",
      "instances": [
        {
          "schema_version": 0,
          "attributes": {
            "bucket": "d5b4f7f0e6ce4b1c5da9-static-website-bucket",
            "domain": "",
            "email": "",
            "entity": "allUsers",
            "id": "d5b4f7f0e6ce4b1c5da9-static-website-bucket/allUsers",
            "role": "READER",
            "timeouts": null
          },
          "sensitive_attributes": [],
          "private": "eyJlMmJmYjczMC1lY2FhLTExZTYtOGY4OC0zNDM2M2JjN2M0YzAiOnsiY3JlYXRlIjoxMjAwMDAwMDAwMDAwLCJkZWxldGUiOjEyMDAwMDAwMDAwMDAsInVwZGF0ZSI6MTIwMDAwMDAwMDAwMH19",
          "dependencies": [
            "google_storage_bucket.static_website",
            "random_id.bucket_prefix"
          ]
        }
      ]
    },
    {
      "mode": "managed",
      "type": "google_storage_bucket_object",
      "name": "errorpage",
      "provider": "provider[\"registry.terraform.io/hashicorp/google\"]",
      "instances": [
        {
          "schema_version": 0,
          "attributes": {
            "bucket": "d5b4f7f0e6ce4b1c5da9-static-website-bucket",
            "cache_control": "",
            "content": "\u003chtml\u003e\u003cbody\u003e404!\u003c/body\u003e\u003c/html\u003e",
            "content_disposition": "",
            "content_encoding": "",
            "content_language": "",
            "content_type": "text/html",
            "crc32c": "oIK2iQ==",
            "customer_encryption": [],
            "detect_md5hash": "svFmTEvom993Vl3NROQPbQ==",
            "event_based_hold": false,
            "id": "d5b4f7f0e6ce4b1c5da9-static-website-bucket-404.html",
            "kms_key_name": "",
            "md5hash": "svFmTEvom993Vl3NROQPbQ==",
            "media_link": "https://storage.googleapis.com/download/storage/v1/b/d5b4f7f0e6ce4b1c5da9-static-website-bucket/o/404.html?generation=1688100948728045\u0026alt=media",
            "metadata": null,
            "name": "404.html",
            "output_name": "404.html",
            "self_link": "https://www.googleapis.com/storage/v1/b/d5b4f7f0e6ce4b1c5da9-static-website-bucket/o/404.html",
            "source": null,
            "storage_class": "STANDARD",
            "temporary_hold": false,
            "timeouts": null
          },
          "sensitive_attributes": [],
          "private": "eyJlMmJmYjczMC1lY2FhLTExZTYtOGY4OC0zNDM2M2JjN2M0YzAiOnsiY3JlYXRlIjoyNDAwMDAwMDAwMDAsImRlbGV0ZSI6MjQwMDAwMDAwMDAwLCJ1cGRhdGUiOjI0MDAwMDAwMDAwMH19",
          "dependencies": [
            "google_storage_bucket.static_website",
            "random_id.bucket_prefix"
          ]
        }
      ]
    },
    {
      "mode": "managed",
      "type": "google_storage_bucket_object",
      "name": "indexpage",
      "provider": "provider[\"registry.terraform.io/hashicorp/google\"]",
      "instances": [
        {
          "schema_version": 0,
          "attributes": {
            "bucket": "d5b4f7f0e6ce4b1c5da9-static-website-bucket",
            "cache_control": "",
            "content": "\u003chtml\u003e\u003cbody\u003eHello World!\u003c/body\u003e\u003c/html\u003e",
            "content_disposition": "",
            "content_encoding": "",
            "content_language": "",
            "content_type": "text/html",
            "crc32c": "21EqWA==",
            "customer_encryption": [],
            "detect_md5hash": "qon67VSbi2QkeQIBrTpKPw==",
            "event_based_hold": false,
            "id": "d5b4f7f0e6ce4b1c5da9-static-website-bucket-index.html",
            "kms_key_name": "",
            "md5hash": "qon67VSbi2QkeQIBrTpKPw==",
            "media_link": "https://storage.googleapis.com/download/storage/v1/b/d5b4f7f0e6ce4b1c5da9-static-website-bucket/o/index.html?generation=1688100948728302\u0026alt=media",
            "metadata": null,
            "name": "index.html",
            "output_name": "index.html",
            "self_link": "https://www.googleapis.com/storage/v1/b/d5b4f7f0e6ce4b1c5da9-static-website-bucket/o/index.html",
            "source": null,
            "storage_class": "STANDARD",
            "temporary_hold": false,
            "timeouts": null
          },
          "sensitive_attributes": [],
          "private": "eyJlMmJmYjczMC1lY2FhLTExZTYtOGY4OC0zNDM2M2JjN2M0YzAiOnsiY3JlYXRlIjoyNDAwMDAwMDAwMDAsImRlbGV0ZSI6MjQwMDAwMDAwMDAwLCJ1cGRhdGUiOjI0MDAwMDAwMDAwMH19",
          "dependencies": [
            "google_storage_bucket.static_website",
            "random_id.bucket_prefix"
          ]
        }
      ]
    },
    {
      "mode": "managed",
      "type": "random_id",
      "name": "bucket_prefix",
      "provider": "provider[\"registry.terraform.io/hashicorp/random\"]",
      "instances": [
        {
          "schema_version": 0,
          "attributes": {
            "b64_std": "1bT38ObOSxxdqQ==",
            "b64_url": "1bT38ObOSxxdqQ",
            "byte_length": 10,
            "dec": "1009202340817997626367401",
            "hex": "d5b4f7f0e6ce4b1c5da9",
            "id": "1bT38ObOSxxdqQ",
            "keepers": null,
            "prefix": null
          },
          "sensitive_attributes": []
        }
      ]
    },
    {
      "module": "module.cloud-nat",
      "mode": "managed",
      "type": "google_compute_router_nat",
      "name": "main",
      "provider": "provider[\"registry.terraform.io/hashicorp/google\"]",
      "instances": [
        {
          "schema_version": 0,
          "attributes": {
            "drain_nat_ips": null,
            "enable_dynamic_port_allocation": false,
            "enable_endpoint_independent_mapping": true,
            "icmp_idle_timeout_sec": 30,
            "id": "synergize-tech/asia-southeast2/nat-router/nat-config",
            "log_config": [],
            "max_ports_per_vm": 0,
            "min_ports_per_vm": 64,
            "name": "nat-config",
            "nat_ip_allocate_option": "AUTO_ONLY",
            "nat_ips": null,
            "project": "synergize-tech",
            "region": "asia-southeast2",
            "router": "nat-router",
            "rules": [],
            "source_subnetwork_ip_ranges_to_nat": "ALL_SUBNETWORKS_ALL_IP_RANGES",
            "subnetwork": [],
            "tcp_established_idle_timeout_sec": 1200,
            "tcp_time_wait_timeout_sec": 120,
            "tcp_transitory_idle_timeout_sec": 30,
            "timeouts": null,
            "udp_idle_timeout_sec": 30
          },
          "sensitive_attributes": [],
          "private": "eyJlMmJmYjczMC1lY2FhLTExZTYtOGY4OC0zNDM2M2JjN2M0YzAiOnsiY3JlYXRlIjoxMjAwMDAwMDAwMDAwLCJkZWxldGUiOjEyMDAwMDAwMDAwMDAsInVwZGF0ZSI6MTIwMDAwMDAwMDAwMH19",
          "dependencies": [
            "google_compute_network.vpc",
            "google_compute_router.router",
            "module.cloud-nat.google_compute_router.router",
            "module.cloud-nat.random_string.name_suffix"
          ]
        }
      ]
    },
    {
      "module": "module.cloud-nat",
      "mode": "managed",
      "type": "random_string",
      "name": "name_suffix",
      "provider": "provider[\"registry.terraform.io/hashicorp/random\"]",
      "instances": [
        {
          "schema_version": 2,
          "attributes": {
            "id": "dkl5j8",
            "keepers": null,
            "length": 6,
            "lower": true,
            "min_lower": 0,
            "min_numeric": 0,
            "min_special": 0,
            "min_upper": 0,
            "number": true,
            "numeric": true,
            "override_special": null,
            "result": "dkl5j8",
            "special": false,
            "upper": false
          },
          "sensitive_attributes": []
        }
      ]
    }
  ],
  "check_results": null
}
